
Microsoft Visual Studio Solution File, Format Version 12.00
# Visual Studio Version 17
VisualStudioVersion = 17.14.36603.0 d17.14
MinimumVisualStudioVersion = 10.0.40219.1
Project("{888888A0-9F3D-457C-B088-3A5042F75D52}") = "calia_app", "calia_app.pyproj", "{6A6821B8-1E74-44DE-9587-920313EAFA2D}"
EndProject
Global
	GlobalSection(SolutionConfigurationPlatforms) = preSolution
		Debug|Any CPU = Debug|Any CPU
		Release|Any CPU = Release|Any CPU
	EndGlobalSection
	GlobalSection(ProjectConfigurationPlatforms) = postSolution
		{6A6821B8-1E74-44DE-9587-920313EAFA2D}.Debug|Any CPU.ActiveCfg = Debug|Any CPU
		{6A6821B8-1E74-44DE-9587-920313EAFA2D}.Release|Any CPU.ActiveCfg = Release|Any CPU
	EndGlobalSection
	GlobalSection(SolutionProperties) = preSolution
		HideSolutionNode = FALSE
	EndGlobalSection
	GlobalSection(ExtensibilityGlobals) = postSolution
		SolutionGuid = {C477A459-C392-41E4-B751-ADD7C3744375}
	EndGlobalSection
EndGlobal
